{
	"name": "@paylike/card-form-tools",
	"version": "1.0.0",
	"lockfileVersion": 2,
	"requires": true,
	"packages": {
		"": {
			"name": "@paylike/card-form-tools",
			"version": "1.0.0",
			"dependencies": {
				"cc-luhn": "^1.0.0"
			}
		},
		"node_modules/cc-luhn": {
			"version": "1.0.0",
			"resolved": "https://registry.npmjs.org/cc-luhn/-/cc-luhn-1.0.0.tgz",
			"integrity": "sha1-uIoB3u8alntLgsSaUP1Tbuu3Naw="
		}
	},
	"dependencies": {
		"cc-luhn": {
			"version": "1.0.0",
			"resolved": "https://registry.npmjs.org/cc-luhn/-/cc-luhn-1.0.0.tgz",
			"integrity": "sha1-uIoB3u8alntLgsSaUP1Tbuu3Naw="
		}
	}
}
